# generated by rye
# use `rye lock` or `rye sync` to update this lockfile
#
# last locked with the following flags:
#   pre: false
#   features: []
#   all-features: false
#   with-sources: false
#   generate-hashes: false
#   universal: false

allure-pytest==2.13.5
allure-python-commons==2.13.5
    # via allure-pytest
appium-python-client==4.2.0
    # via appium-swipe-actions
appium-swipe-actions==0.1.3
astroid==3.3.5
    # via pylint
attrs==24.2.0
    # via allure-python-commons
    # via outcome
    # via trio
certifi==2024.8.30
    # via selenium
dill==0.3.9
    # via pylint
h11==0.14.0
    # via wsproto
idna==3.10
    # via trio
iniconfig==2.0.0
    # via pytest
isort==5.13.2
    # via pylint
mccabe==0.7.0
    # via pylint
outcome==1.3.0.post0
    # via trio
packaging==24.1
    # via pytest
platformdirs==4.3.6
    # via pylint
pluggy==1.5.0
    # via allure-python-commons
    # via pytest
pylint==3.3.1
    # via pylint-pytest
pylint-pytest==1.1.8
pysocks==1.7.1
    # via urllib3
pytest==8.2.0
    # via allure-pytest
    # via pylint-pytest
selenium==4.25.0
    # via appium-python-client
    # via appium-swipe-actions
sniffio==1.3.1
    # via trio
sortedcontainers==2.4.0
    # via trio
tomlkit==0.13.2
    # via pylint
trio==0.27.0
    # via selenium
    # via trio-websocket
trio-websocket==0.11.1
    # via selenium
typing-extensions==4.12.2
    # via selenium
urllib3==2.2.3
    # via selenium
websocket-client==1.8.0
    # via selenium
wsproto==1.2.0
    # via trio-websocket
